
Microsoft Visual Studio Solution File, Format Version 12.00
# Visual Studio Version 16
VisualStudioVersion = 16.0.31005.135
MinimumVisualStudioVersion = 10.0.40219.1
Project("{FAE04EC0-301F-11D3-BF4B-00C04F79EFBC}") = "dpwa_credit_card_exercise", "dpwa_credit_card_exercise\dpwa_credit_card_exercise.csproj", "{D4BB325D-02A2-4A25-ACFB-C14BA8893816}"
EndProject
Global
	GlobalSection(SolutionConfigurationPlatforms) = preSolution
		Debug|Any CPU = Debug|Any CPU
		Release|Any CPU = Release|Any CPU
	EndGlobalSection
	GlobalSection(ProjectConfigurationPlatforms) = postSolution
		{D4BB325D-02A2-4A25-ACFB-C14BA8893816}.Debug|Any CPU.ActiveCfg = Debug|Any CPU
		{D4BB325D-02A2-4A25-ACFB-C14BA8893816}.Debug|Any CPU.Build.0 = Debug|Any CPU
		{D4BB325D-02A2-4A25-ACFB-C14BA8893816}.Release|Any CPU.ActiveCfg = Release|Any CPU
		{D4BB325D-02A2-4A25-ACFB-C14BA8893816}.Release|Any CPU.Build.0 = Release|Any CPU
	EndGlobalSection
	GlobalSection(SolutionProperties) = preSolution
		HideSolutionNode = FALSE
	EndGlobalSection
	GlobalSection(ExtensibilityGlobals) = postSolution
		SolutionGuid = {B4DB16E1-42B7-4CDD-BB5A-4AFB63EA6134}
	EndGlobalSection
EndGlobal
